{
    "name": "mongogui",
    "version": "2018.04.12",
    "lockfileVersion": 1,
    "requires": true,
    "dependencies": {
        "eachr": {
            "version": "3.2.0",
            "resolved": "http://registry.npm.taobao.org/eachr/download/eachr-3.2.0.tgz",
            "integrity": "sha1-LDXkPqCGUW95l8+At6pk1VpKRIQ=",
            "requires": {
                "editions": "1.3.4",
                "typechecker": "4.5.0"
            }
        },
        "editions": {
            "version": "1.3.4",
            "resolved": "http://registry.npm.taobao.org/editions/download/editions-1.3.4.tgz",
            "integrity": "sha1-NmLLWSNHwxaOuOSYoP9zJx1n9Qs="
        },
        "extract-opts": {
            "version": "3.3.1",
            "resolved": "http://registry.npm.taobao.org/extract-opts/download/extract-opts-3.3.1.tgz",
            "integrity": "sha1-WrvtyYwNUgLjJ4cn+Rktfghsa+E=",
            "requires": {
                "eachr": "3.2.0",
                "editions": "1.3.4",
                "typechecker": "4.5.0"
            }
        },
        "getmac": {
            "version": "1.4.1",
            "resolved": "http://registry.npm.taobao.org/getmac/download/getmac-1.4.1.tgz",
            "integrity": "sha1-z+/LPufXpzy6UpISnLEAwZr74Xo=",
            "requires": {
                "editions": "1.3.4",
                "extract-opts": "3.3.1"
            }
        },
        "typechecker": {
            "version": "4.5.0",
            "resolved": "http://registry.npm.taobao.org/typechecker/download/typechecker-4.5.0.tgz",
            "integrity": "sha1-w4KSAJeBI2S7r0WVsKtliCRBF6Y=",
            "requires": {
                "editions": "1.3.4"
            }
        }
    }
}
